// !$*UTF8*$!
{
	archiveVersion = 1;
	classes = {
	};
	objectVersion = 50;
	objects = {

/* Begin PBXBuildFile section */
		8E09E2A0D4D4BE636EC7615C /* Pods_FotoApp.framework in Frameworks */ = {isa = PBXBuildFile; fileRef = 2568872B37835C655A12FFB8 /* Pods_FotoApp.framework */; };
		F93EFE1421AEB24C00FBC875 /* AppDelegate.swift in Sources */ = {isa = PBXBuildFile; fileRef = F93EFE1321AEB24C00FBC875 /* AppDelegate.swift */; };
		F93EFE1621AEB24C00FBC875 /* ViewController.swift in Sources */ = {isa = PBXBuildFile; fileRef = F93EFE1521AEB24C00FBC875 /* ViewController.swift */; };
		F93EFE1921AEB24C00FBC875 /* Main.storyboard in Resources */ = {isa = PBXBuildFile; fileRef = F93EFE1721AEB24C00FBC875 /* Main.storyboard */; };
		F93EFE1B21AEB24D00FBC875 /* Assets.xcassets in Resources */ = {isa = PBXBuildFile; fileRef = F93EFE1A21AEB24D00FBC875 /* Assets.xcassets */; };
		F93EFE1E21AEB24D00FBC875 /* LaunchScreen.storyboard in Resources */ = {isa = PBXBuildFile; fileRef = F93EFE1C21AEB24D00FBC875 /* LaunchScreen.storyboard */; };
		F93EFE2921AEB24E00FBC875 /* FotoAppTests.swift in Sources */ = {isa = PBXBuildFile; fileRef = F93EFE2821AEB24E00FBC875 /* FotoAppTests.swift */; };
		F93EFE3421AEB24E00FBC875 /* FotoAppUITests.swift in Sources */ = {isa = PBXBuildFile; fileRef = F93EFE3321AEB24E00FBC875 /* FotoAppUITests.swift */; };
		F93EFE4421AEB38F00FBC875 /* GoogleService-Info.plist in Resources */ = {isa = PBXBuildFile; fileRef = F93EFE4321AEB38E00FBC875 /* GoogleService-Info.plist */; };
		F93EFE4921AEB6E200FBC875 /* Localizable.strings in Resources */ = {isa = PBXBuildFile; fileRef = F93EFE4B21AEB6E200FBC875 /* Localizable.strings */; };
		F93EFE4E21AEB70200FBC875 /* Extensions.swift in Sources */ = {isa = PBXBuildFile; fileRef = F93EFE4D21AEB70200FBC875 /* Extensions.swift */; };
		F93EFE5421AED0CE00FBC875 /* Xcode.gitignore in Resources */ = {isa = PBXBuildFile; fileRef = F93EFE5321AED0CE00FBC875 /* Xcode.gitignore */; };
/* End PBXBuildFile section */

/* Begin PBXContainerItemProxy section */
		F93EFE2521AEB24E00FBC875 /* PBXContainerItemProxy */ = {
			isa = PBXContainerItemProxy;
			containerPortal = F93EFE0821AEB24C00FBC875 /* Project object */;
			proxyType = 1;
			remoteGlobalIDString = F93EFE0F21AEB24C00FBC875;
			remoteInfo = FotoApp;
		};
		F93EFE3021AEB24E00FBC875 /* PBXContainerItemProxy */ = {
			isa = PBXContainerItemProxy;
			containerPortal = F93EFE0821AEB24C00FBC875 /* Project object */;
			proxyType = 1;
			remoteGlobalIDString = F93EFE0F21AEB24C00FBC875;
			remoteInfo = FotoApp;
		};
/* End PBXContainerItemProxy section */

/* Begin PBXFileReference section */
		2568872B37835C655A12FFB8 /* Pods_FotoApp.framework */ = {isa = PBXFileReference; explicitFileType = wrapper.framework; includeInIndex = 0; path = Pods_FotoApp.framework; sourceTree = BUILT_PRODUCTS_DIR; };
		922402085D1303BC36DAD3BD /* Pods-FotoApp.release.xcconfig */ = {isa = PBXFileReference; includeInIndex = 1; lastKnownFileType = text.xcconfig; name = "Pods-FotoApp.release.xcconfig"; path = "Pods/Target Support Files/Pods-FotoApp/Pods-FotoApp.release.xcconfig"; sourceTree = "<group>"; };
		B695B4D1BD9EBC21E7D243C0 /* Pods-FotoApp.debug.xcconfig */ = {isa = PBXFileReference; includeInIndex = 1; lastKnownFileType = text.xcconfig; name = "Pods-FotoApp.debug.xcconfig"; path = "Pods/Target Support Files/Pods-FotoApp/Pods-FotoApp.debug.xcconfig"; sourceTree = "<group>"; };
		F93EFE1021AEB24C00FBC875 /* FotoApp.app */ = {isa = PBXFileReference; explicitFileType = wrapper.application; includeInIndex = 0; path = FotoApp.app; sourceTree = BUILT_PRODUCTS_DIR; };
		F93EFE1321AEB24C00FBC875 /* AppDelegate.swift */ = {isa = PBXFileReference; lastKnownFileType = sourcecode.swift; path = AppDelegate.swift; sourceTree = "<group>"; };
		F93EFE1521AEB24C00FBC875 /* ViewController.swift */ = {isa = PBXFileReference; lastKnownFileType = sourcecode.swift; path = ViewController.swift; sourceTree = "<group>"; };
		F93EFE1821AEB24C00FBC875 /* Base */ = {isa = PBXFileReference; lastKnownFileType = file.storyboard; name = Base; path = Base.lproj/Main.storyboard; sourceTree = "<group>"; };
		F93EFE1A21AEB24D00FBC875 /* Assets.xcassets */ = {isa = PBXFileReference; lastKnownFileType = folder.assetcatalog; path = Assets.xcassets; sourceTree = "<group>"; };
		F93EFE1D21AEB24D00FBC875 /* Base */ = {isa = PBXFileReference; lastKnownFileType = file.storyboard; name = Base; path = Base.lproj/LaunchScreen.storyboard; sourceTree = "<group>"; };
		F93EFE1F21AEB24D00FBC875 /* Info.plist */ = {isa = PBXFileReference; lastKnownFileType = text.plist.xml; path = Info.plist; sourceTree = "<group>"; };
		F93EFE2421AEB24E00FBC875 /* FotoAppTests.xctest */ = {isa = PBXFileReference; explicitFileType = wrapper.cfbundle; includeInIndex = 0; path = FotoAppTests.xctest; sourceTree = BUILT_PRODUCTS_DIR; };
		F93EFE2821AEB24E00FBC875 /* FotoAppTests.swift */ = {isa = PBXFileReference; lastKnownFileType = sourcecode.swift; path = FotoAppTests.swift; sourceTree = "<group>"; };
		F93EFE2A21AEB24E00FBC875 /* Info.plist */ = {isa = PBXFileReference; lastKnownFileType = text.plist.xml; path = Info.plist; sourceTree = "<group>"; };
		F93EFE2F21AEB24E00FBC875 /* FotoAppUITests.xctest */ = {isa = PBXFileReference; explicitFileType = wrapper.cfbundle; includeInIndex = 0; path = FotoAppUITests.xctest; sourceTree = BUILT_PRODUCTS_DIR; };
		F93EFE3321AEB24E00FBC875 /* FotoAppUITests.swift */ = {isa = PBXFileReference; lastKnownFileType = sourcecode.swift; path = FotoAppUITests.swift; sourceTree = "<group>"; };
		F93EFE3521AEB24E00FBC875 /* Info.plist */ = {isa = PBXFileReference; lastKnownFileType = text.plist.xml; path = Info.plist; sourceTree = "<group>"; };
		F93EFE4321AEB38E00FBC875 /* GoogleService-Info.plist */ = {isa = PBXFileReference; fileEncoding = 4; lastKnownFileType = text.plist.xml; path = "GoogleService-Info.plist"; sourceTree = "<group>"; };
		F93EFE4A21AEB6E200FBC875 /* en */ = {isa = PBXFileReference; lastKnownFileType = text.plist.strings; name = en; path = en.lproj/Localizable.strings; sourceTree = "<group>"; };
		F93EFE4C21AEB6F100FBC875 /* it */ = {isa = PBXFileReference; lastKnownFileType = text.plist.strings; name = it; path = it.lproj/Localizable.strings; sourceTree = "<group>"; };
		F93EFE4D21AEB70200FBC875 /* Extensions.swift */ = {isa = PBXFileReference; lastKnownFileType = sourcecode.swift; path = Extensions.swift; sourceTree = "<group>"; };
		F93EFE5321AED0CE00FBC875 /* Xcode.gitignore */ = {isa = PBXFileReference; lastKnownFileType = text; path = Xcode.gitignore; sourceTree = "<group>"; };
/* End PBXFileReference section */

/* Begin PBXFrameworksBuildPhase section */
		F93EFE0D21AEB24C00FBC875 /* Frameworks */ = {
			isa = PBXFrameworksBuildPhase;
			buildActionMask = 2147483647;
			files = (
				8E09E2A0D4D4BE636EC7615C /* Pods_FotoApp.framework in Frameworks */,
			);
			runOnlyForDeploymentPostprocessing = 0;
		};
		F93EFE2121AEB24E00FBC875 /* Frameworks */ = {
			isa = PBXFrameworksBuildPhase;
			buildActionMask = 2147483647;
			files = (
			);
			runOnlyForDeploymentPostprocessing = 0;
		};
		F93EFE2C21AEB24E00FBC875 /* Frameworks */ = {
			isa = PBXFrameworksBuildPhase;
			buildActionMask = 2147483647;
			files = (
			);
			runOnlyForDeploymentPostprocessing = 0;
		};
/* End PBXFrameworksBuildPhase section */

/* Begin PBXGroup section */
		AF3EE70B921AAD5A93E64A5A /* Pods */ = {
			isa = PBXGroup;
			children = (
				B695B4D1BD9EBC21E7D243C0 /* Pods-FotoApp.debug.xcconfig */,
				922402085D1303BC36DAD3BD /* Pods-FotoApp.release.xcconfig */,
			);
			name = Pods;
			sourceTree = "<group>";
		};
		ED28BAD260096B4DDCF141AF /* Frameworks */ = {
			isa = PBXGroup;
			children = (
				2568872B37835C655A12FFB8 /* Pods_FotoApp.framework */,
			);
			name = Frameworks;
			sourceTree = "<group>";
		};
		F93EFE0721AEB24C00FBC875 = {
			isa = PBXGroup;
			children = (
				F93EFE5321AED0CE00FBC875 /* Xcode.gitignore */,
				F93EFE1221AEB24C00FBC875 /* FotoApp */,
				F93EFE2721AEB24E00FBC875 /* FotoAppTests */,
				F93EFE3221AEB24E00FBC875 /* FotoAppUITests */,
				F93EFE1121AEB24C00FBC875 /* Products */,
				AF3EE70B921AAD5A93E64A5A /* Pods */,
				ED28BAD260096B4DDCF141AF /* Frameworks */,
			);
			sourceTree = "<group>";
		};
		F93EFE1121AEB24C00FBC875 /* Products */ = {
			isa = PBXGroup;
			children = (
				F93EFE1021AEB24C00FBC875 /* FotoApp.app */,
				F93EFE2421AEB24E00FBC875 /* FotoAppTests.xctest */,
				F93EFE2F21AEB24E00FBC875 /* FotoAppUITests.xctest */,
			);
			name = Products;
			sourceTree = "<group>";
		};
		F93EFE1221AEB24C00FBC875 /* FotoApp */ = {
			isa = PBXGroup;
			children = (
				F93EFE5221AEB8B900FBC875 /* Access */,
				F93EFE5121AEB8AE00FBC875 /* Other */,
				F93EFE5021AEB89600FBC875 /* Models */,
				F93EFE1721AEB24C00FBC875 /* Main.storyboard */,
				F93EFE1521AEB24C00FBC875 /* ViewController.swift */,
				F93EFE4B21AEB6E200FBC875 /* Localizable.strings */,
				F93EFE1A21AEB24D00FBC875 /* Assets.xcassets */,
				F93EFE1C21AEB24D00FBC875 /* LaunchScreen.storyboard */,
				F93EFE4321AEB38E00FBC875 /* GoogleService-Info.plist */,
				F93EFE1F21AEB24D00FBC875 /* Info.plist */,
			);
			path = FotoApp;
			sourceTree = "<group>";
		};
		F93EFE2721AEB24E00FBC875 /* FotoAppTests */ = {
			isa = PBXGroup;
			children = (
				F93EFE2821AEB24E00FBC875 /* FotoAppTests.swift */,
				F93EFE2A21AEB24E00FBC875 /* Info.plist */,
			);
			path = FotoAppTests;
			sourceTree = "<group>";
		};
		F93EFE3221AEB24E00FBC875 /* FotoAppUITests */ = {
			isa = PBXGroup;
			children = (
				F93EFE3321AEB24E00FBC875 /* FotoAppUITests.swift */,
				F93EFE3521AEB24E00FBC875 /* Info.plist */,
			);
			path = FotoAppUITests;
			sourceTree = "<group>";
		};
		F93EFE5021AEB89600FBC875 /* Models */ = {
			isa = PBXGroup;
			children = (
			);
			path = Models;
			sourceTree = "<group>";
		};
		F93EFE5121AEB8AE00FBC875 /* Other */ = {
			isa = PBXGroup;
			children = (
				F93EFE1321AEB24C00FBC875 /* AppDelegate.swift */,
				F93EFE4D21AEB70200FBC875 /* Extensions.swift */,
			);
			path = Other;
			sourceTree = "<group>";
		};
		F93EFE5221AEB8B900FBC875 /* Access */ = {
			isa = PBXGroup;
			children = (
			);
			path = Access;
			sourceTree = "<group>";
		};
/* End PBXGroup section */

/* Begin PBXNativeTarget section */
		F93EFE0F21AEB24C00FBC875 /* FotoApp */ = {
			isa = PBXNativeTarget;
			buildConfigurationList = F93EFE3821AEB24E00FBC875 /* Build configuration list for PBXNativeTarget "FotoApp" */;
			buildPhases = (
				8544BE44B96ECC066230EF71 /* [CP] Check Pods Manifest.lock */,
				F93EFE0C21AEB24C00FBC875 /* Sources */,
				F93EFE0D21AEB24C00FBC875 /* Frameworks */,
				F93EFE0E21AEB24C00FBC875 /* Resources */,
				4EB4754358BD780CDC3E00AC /* [CP] Embed Pods Frameworks */,
				F93EFE4F21AEB7AD00FBC875 /* ShellScript */,
			);
			buildRules = (
			);
			dependencies = (
			);
			name = FotoApp;
			productName = FotoApp;
			productReference = F93EFE1021AEB24C00FBC875 /* FotoApp.app */;
			productType = "com.apple.product-type.application";
		};
		F93EFE2321AEB24E00FBC875 /* FotoAppTests */ = {
			isa = PBXNativeTarget;
			buildConfigurationList = F93EFE3B21AEB24E00FBC875 /* Build configuration list for PBXNativeTarget "FotoAppTests" */;
			buildPhases = (
				F93EFE2021AEB24E00FBC875 /* Sources */,
				F93EFE2121AEB24E00FBC875 /* Frameworks */,
				F93EFE2221AEB24E00FBC875 /* Resources */,
			);
			buildRules = (
			);
			dependencies = (
				F93EFE2621AEB24E00FBC875 /* PBXTargetDependency */,
			);
			name = FotoAppTests;
			productName = FotoAppTests;
			productReference = F93EFE2421AEB24E00FBC875 /* FotoAppTests.xctest */;
			productType = "com.apple.product-type.bundle.unit-test";
		};
		F93EFE2E21AEB24E00FBC875 /* FotoAppUITests */ = {
			isa = PBXNativeTarget;
			buildConfigurationList = F93EFE3E21AEB24E00FBC875 /* Build configuration list for PBXNativeTarget "FotoAppUITests" */;
			buildPhases = (
				F93EFE2B21AEB24E00FBC875 /* Sources */,
				F93EFE2C21AEB24E00FBC875 /* Frameworks */,
				F93EFE2D21AEB24E00FBC875 /* Resources */,
			);
			buildRules = (
			);
			dependencies = (
				F93EFE3121AEB24E00FBC875 /* PBXTargetDependency */,
			);
			name = FotoAppUITests;
			productName = FotoAppUITests;
			productReference = F93EFE2F21AEB24E00FBC875 /* FotoAppUITests.xctest */;
			productType = "com.apple.product-type.bundle.ui-testing";
		};
/* End PBXNativeTarget section */

/* Begin PBXProject section */
		F93EFE0821AEB24C00FBC875 /* Project object */ = {
			isa = PBXProject;
			attributes = {
				LastSwiftUpdateCheck = 1010;
				LastUpgradeCheck = 1010;
				ORGANIZATIONNAME = "Valerio Ly";
				TargetAttributes = {
					F93EFE0F21AEB24C00FBC875 = {
						CreatedOnToolsVersion = 10.1;
					};
					F93EFE2321AEB24E00FBC875 = {
						CreatedOnToolsVersion = 10.1;
						TestTargetID = F93EFE0F21AEB24C00FBC875;
					};
					F93EFE2E21AEB24E00FBC875 = {
						CreatedOnToolsVersion = 10.1;
						TestTargetID = F93EFE0F21AEB24C00FBC875;
					};
				};
			};
			buildConfigurationList = F93EFE0B21AEB24C00FBC875 /* Build configuration list for PBXProject "FotoApp" */;
			compatibilityVersion = "Xcode 9.3";
			developmentRegion = en;
			hasScannedForEncodings = 0;
			knownRegions = (
				en,
				Base,
				it,
			);
			mainGroup = F93EFE0721AEB24C00FBC875;
			productRefGroup = F93EFE1121AEB24C00FBC875 /* Products */;
			projectDirPath = "";
			projectRoot = "";
			targets = (
				F93EFE0F21AEB24C00FBC875 /* FotoApp */,
				F93EFE2321AEB24E00FBC875 /* FotoAppTests */,
				F93EFE2E21AEB24E00FBC875 /* FotoAppUITests */,
			);
		};
/* End PBXProject section */

/* Begin PBXResourcesBuildPhase section */
		F93EFE0E21AEB24C00FBC875 /* Resources */ = {
			isa = PBXResourcesBuildPhase;
			buildActionMask = 2147483647;
			files = (
				F93EFE4921AEB6E200FBC875 /* Localizable.strings in Resources */,
				F93EFE1E21AEB24D00FBC875 /* LaunchScreen.storyboard in Resources */,
				F93EFE4421AEB38F00FBC875 /* GoogleService-Info.plist in Resources */,
				F93EFE1B21AEB24D00FBC875 /* Assets.xcassets in Resources */,
				F93EFE5421AED0CE00FBC875 /* Xcode.gitignore in Resources */,
				F93EFE1921AEB24C00FBC875 /* Main.storyboard in Resources */,
			);
			runOnlyForDeploymentPostprocessing = 0;
		};
		F93EFE2221AEB24E00FBC875 /* Resources */ = {
			isa = PBXResourcesBuildPhase;
			buildActionMask = 2147483647;
			files = (
			);
			runOnlyForDeploymentPostprocessing = 0;
		};
		F93EFE2D21AEB24E00FBC875 /* Resources */ = {
			isa = PBXResourcesBuildPhase;
			buildActionMask = 2147483647;
			files = (
			);
			runOnlyForDeploymentPostprocessing = 0;
		};
/* End PBXResourcesBuildPhase section */

/* Begin PBXShellScriptBuildPhase section */
		4EB4754358BD780CDC3E00AC /* [CP] Embed Pods Frameworks */ = {
			isa = PBXShellScriptBuildPhase;
			buildActionMask = 2147483647;
			files = (
			);
			inputFileListPaths = (
			);
			inputPaths = (
				"${SRCROOT}/Pods/Target Support Files/Pods-FotoApp/Pods-FotoApp-frameworks.sh",
				"${BUILT_PRODUCTS_DIR}/BoringSSL/openssl.framework",
				"${BUILT_PRODUCTS_DIR}/GTMSessionFetcher/GTMSessionFetcher.framework",
				"${BUILT_PRODUCTS_DIR}/GoogleUtilities/GoogleUtilities.framework",
				"${BUILT_PRODUCTS_DIR}/Protobuf/Protobuf.framework",
				"${BUILT_PRODUCTS_DIR}/R.swift.Library/Rswift.framework",
				"${BUILT_PRODUCTS_DIR}/Realm/Realm.framework",
				"${BUILT_PRODUCTS_DIR}/RealmSwift/RealmSwift.framework",
				"${BUILT_PRODUCTS_DIR}/gRPC/GRPCClient.framework",
				"${BUILT_PRODUCTS_DIR}/gRPC-C++/grpcpp.framework",
				"${BUILT_PRODUCTS_DIR}/gRPC-Core/grpc.framework",
				"${BUILT_PRODUCTS_DIR}/gRPC-ProtoRPC/ProtoRPC.framework",
				"${BUILT_PRODUCTS_DIR}/gRPC-RxLibrary/RxLibrary.framework",
				"${BUILT_PRODUCTS_DIR}/leveldb-library/leveldb.framework",
				"${BUILT_PRODUCTS_DIR}/nanopb/nanopb.framework",
			);
			name = "[CP] Embed Pods Frameworks";
			outputFileListPaths = (
			);
			outputPaths = (
				"${TARGET_BUILD_DIR}/${FRAMEWORKS_FOLDER_PATH}/openssl.framework",
				"${TARGET_BUILD_DIR}/${FRAMEWORKS_FOLDER_PATH}/GTMSessionFetcher.framework",
				"${TARGET_BUILD_DIR}/${FRAMEWORKS_FOLDER_PATH}/GoogleUtilities.framework",
				"${TARGET_BUILD_DIR}/${FRAMEWORKS_FOLDER_PATH}/Protobuf.framework",
				"${TARGET_BUILD_DIR}/${FRAMEWORKS_FOLDER_PATH}/Rswift.framework",
				"${TARGET_BUILD_DIR}/${FRAMEWORKS_FOLDER_PATH}/Realm.framework",
				"${TARGET_BUILD_DIR}/${FRAMEWORKS_FOLDER_PATH}/RealmSwift.framework",
				"${TARGET_BUILD_DIR}/${FRAMEWORKS_FOLDER_PATH}/GRPCClient.framework",
				"${TARGET_BUILD_DIR}/${FRAMEWORKS_FOLDER_PATH}/grpcpp.framework",
				"${TARGET_BUILD_DIR}/${FRAMEWORKS_FOLDER_PATH}/grpc.framework",
				"${TARGET_BUILD_DIR}/${FRAMEWORKS_FOLDER_PATH}/ProtoRPC.framework",
				"${TARGET_BUILD_DIR}/${FRAMEWORKS_FOLDER_PATH}/RxLibrary.framework",
				"${TARGET_BUILD_DIR}/${FRAMEWORKS_FOLDER_PATH}/leveldb.framework",
				"${TARGET_BUILD_DIR}/${FRAMEWORKS_FOLDER_PATH}/nanopb.framework",
			);
			runOnlyForDeploymentPostprocessing = 0;
			shellPath = /bin/sh;
			shellScript = "\"${SRCROOT}/Pods/Target Support Files/Pods-FotoApp/Pods-FotoApp-frameworks.sh\"\n";
			showEnvVarsInLog = 0;
		};
		8544BE44B96ECC066230EF71 /* [CP] Check Pods Manifest.lock */ = {
			isa = PBXShellScriptBuildPhase;
			buildActionMask = 2147483647;
			files = (
			);
			inputFileListPaths = (
			);
			inputPaths = (
				"${PODS_PODFILE_DIR_PATH}/Podfile.lock",
				"${PODS_ROOT}/Manifest.lock",
			);
			name = "[CP] Check Pods Manifest.lock";
			outputFileListPaths = (
			);
			outputPaths = (
				"$(DERIVED_FILE_DIR)/Pods-FotoApp-checkManifestLockResult.txt",
			);
			runOnlyForDeploymentPostprocessing = 0;
			shellPath = /bin/sh;
			shellScript = "diff \"${PODS_PODFILE_DIR_PATH}/Podfile.lock\" \"${PODS_ROOT}/Manifest.lock\" > /dev/null\nif [ $? != 0 ] ; then\n    # print error to STDERR\n    echo \"error: The sandbox is not in sync with the Podfile.lock. Run 'pod install' or update your CocoaPods installation.\" >&2\n    exit 1\nfi\n# This output is used by Xcode 'outputs' to avoid re-running this script phase.\necho \"SUCCESS\" > \"${SCRIPT_OUTPUT_FILE_0}\"\n";
			showEnvVarsInLog = 0;
		};
		F93EFE4F21AEB7AD00FBC875 /* ShellScript */ = {
			isa = PBXShellScriptBuildPhase;
			buildActionMask = 2147483647;
			files = (
			);
			inputFileListPaths = (
			);
			inputPaths = (
			);
			outputFileListPaths = (
			);
			outputPaths = (
			);
			runOnlyForDeploymentPostprocessing = 0;
			shellPath = /bin/sh;
			shellScript = "# Type a script or drag a script file from your workspace to insert its path.\n\"$PODS_ROOT/R.swift/rswift\" generate \"$SRCROOT\"\n";
		};
/* End PBXShellScriptBuildPhase section */

/* Begin PBXSourcesBuildPhase section */
		F93EFE0C21AEB24C00FBC875 /* Sources */ = {
			isa = PBXSourcesBuildPhase;
			buildActionMask = 2147483647;
			files = (
				F93EFE1621AEB24C00FBC875 /* ViewController.swift in Sources */,
				F93EFE4E21AEB70200FBC875 /* Extensions.swift in Sources */,
				F93EFE1421AEB24C00FBC875 /* AppDelegate.swift in Sources */,
			);
			runOnlyForDeploymentPostprocessing = 0;
		};
		F93EFE2021AEB24E00FBC875 /* Sources */ = {
			isa = PBXSourcesBuildPhase;
			buildActionMask = 2147483647;
			files = (
				F93EFE2921AEB24E00FBC875 /* FotoAppTests.swift in Sources */,
			);
			runOnlyForDeploymentPostprocessing = 0;
		};
		F93EFE2B21AEB24E00FBC875 /* Sources */ = {
			isa = PBXSourcesBuildPhase;
			buildActionMask = 2147483647;
			files = (
				F93EFE3421AEB24E00FBC875 /* FotoAppUITests.swift in Sources */,
			);
			runOnlyForDeploymentPostprocessing = 0;
		};
/* End PBXSourcesBuildPhase section */

/* Begin PBXTargetDependency section */
		F93EFE2621AEB24E00FBC875 /* PBXTargetDependency */ = {
			isa = PBXTargetDependency;
			target = F93EFE0F21AEB24C00FBC875 /* FotoApp */;
			targetProxy = F93EFE2521AEB24E00FBC875 /* PBXContainerItemProxy */;
		};
		F93EFE3121AEB24E00FBC875 /* PBXTargetDependency */ = {
			isa = PBXTargetDependency;
			target = F93EFE0F21AEB24C00FBC875 /* FotoApp */;
			targetProxy = F93EFE3021AEB24E00FBC875 /* PBXContainerItemProxy */;
		};
/* End PBXTargetDependency section */

/* Begin PBXVariantGroup section */
		F93EFE1721AEB24C00FBC875 /* Main.storyboard */ = {
			isa = PBXVariantGroup;
			children = (
				F93EFE1821AEB24C00FBC875 /* Base */,
			);
			name = Main.storyboard;
			sourceTree = "<group>";
		};
		F93EFE1C21AEB24D00FBC875 /* LaunchScreen.storyboard */ = {
			isa = PBXVariantGroup;
			children = (
				F93EFE1D21AEB24D00FBC875 /* Base */,
			);
			name = LaunchScreen.storyboard;
			sourceTree = "<group>";
		};
		F93EFE4B21AEB6E200FBC875 /* Localizable.strings */ = {
			isa = PBXVariantGroup;
			children = (
				F93EFE4A21AEB6E200FBC875 /* en */,
				F93EFE4C21AEB6F100FBC875 /* it */,
			);
			name = Localizable.strings;
			sourceTree = "<group>";
		};
/* End PBXVariantGroup section */

/* Begin XCBuildConfiguration section */
		F93EFE3621AEB24E00FBC875 /* Debug */ = {
			isa = XCBuildConfiguration;
			buildSettings = {
				ALWAYS_SEARCH_USER_PATHS = NO;
				CLANG_ANALYZER_LOCALIZABILITY_NONLOCALIZED = YES;
				CLANG_ANALYZER_NONNULL = YES;
				CLANG_ANALYZER_NUMBER_OBJECT_CONVERSION = YES_AGGRESSIVE;
				CLANG_CXX_LANGUAGE_STANDARD = "gnu++14";
				CLANG_CXX_LIBRARY = "libc++";
				CLANG_ENABLE_MODULES = YES;
				CLANG_ENABLE_OBJC_ARC = YES;
				CLANG_ENABLE_OBJC_WEAK = YES;
				CLANG_WARN_BLOCK_CAPTURE_AUTORELEASING = YES;
				CLANG_WARN_BOOL_CONVERSION = YES;
				CLANG_WARN_COMMA = YES;
				CLANG_WARN_CONSTANT_CONVERSION = YES;
				CLANG_WARN_DEPRECATED_OBJC_IMPLEMENTATIONS = YES;
				CLANG_WARN_DIRECT_OBJC_ISA_USAGE = YES_ERROR;
				CLANG_WARN_DOCUMENTATION_COMMENTS = YES;
				CLANG_WARN_EMPTY_BODY = YES;
				CLANG_WARN_ENUM_CONVERSION = YES;
				CLANG_WARN_INFINITE_RECURSION = YES;
				CLANG_WARN_INT_CONVERSION = YES;
				CLANG_WARN_NON_LITERAL_NULL_CONVERSION = YES;
				CLANG_WARN_OBJC_IMPLICIT_RETAIN_SELF = YES;
				CLANG_WARN_OBJC_LITERAL_CONVERSION = YES;
				CLANG_WARN_OBJC_ROOT_CLASS = YES_ERROR;
				CLANG_WARN_RANGE_LOOP_ANALYSIS = YES;
				CLANG_WARN_STRICT_PROTOTYPES = YES;
				CLANG_WARN_SUSPICIOUS_MOVE = YES;
				CLANG_WARN_UNGUARDED_AVAILABILITY = YES_AGGRESSIVE;
				CLANG_WARN_UNREACHABLE_CODE = YES;
				CLANG_WARN__DUPLICATE_METHOD_MATCH = YES;
				CODE_SIGN_IDENTITY = "iPhone Developer";
				COPY_PHASE_STRIP = NO;
				DEBUG_INFORMATION_FORMAT = dwarf;
				ENABLE_STRICT_OBJC_MSGSEND = YES;
				ENABLE_TESTABILITY = YES;
				GCC_C_LANGUAGE_STANDARD = gnu11;
				GCC_DYNAMIC_NO_PIC = NO;
				GCC_NO_COMMON_BLOCKS = YES;
				GCC_OPTIMIZATION_LEVEL = 0;
				GCC_PREPROCESSOR_DEFINITIONS = (
					"DEBUG=1",
					"$(inherited)",
				);
				GCC_WARN_64_TO_32_BIT_CONVERSION = YES;
				GCC_WARN_ABOUT_RETURN_TYPE = YES_ERROR;
				GCC_WARN_UNDECLARED_SELECTOR = YES;
				GCC_WARN_UNINITIALIZED_AUTOS = YES_AGGRESSIVE;
				GCC_WARN_UNUSED_FUNCTION = YES;
				GCC_WARN_UNUSED_VARIABLE = YES;
				IPHONEOS_DEPLOYMENT_TARGET = 12.1;
				MTL_ENABLE_DEBUG_INFO = INCLUDE_SOURCE;
				MTL_FAST_MATH = YES;
				ONLY_ACTIVE_ARCH = YES;
				SDKROOT = iphoneos;
				SWIFT_ACTIVE_COMPILATION_CONDITIONS = DEBUG;
				SWIFT_OPTIMIZATION_LEVEL = "-Onone";
			};
			name = Debug;
		};
		F93EFE3721AEB24E00FBC875 /* Release */ = {
			isa = XCBuildConfiguration;
			buildSettings = {
				ALWAYS_SEARCH_USER_PATHS = NO;
				CLANG_ANALYZER_LOCALIZABILITY_NONLOCALIZED = YES;
				CLANG_ANALYZER_NONNULL = YES;
				CLANG_ANALYZER_NUMBER_OBJECT_CONVERSION = YES_AGGRESSIVE;
				CLANG_CXX_LANGUAGE_STANDARD = "gnu++14";
				CLANG_CXX_LIBRARY = "libc++";
				CLANG_ENABLE_MODULES = YES;
				CLANG_ENABLE_OBJC_ARC = YES;
				CLANG_ENABLE_OBJC_WEAK = YES;
				CLANG_WARN_BLOCK_CAPTURE_AUTORELEASING = YES;
				CLANG_WARN_BOOL_CONVERSION = YES;
				CLANG_WARN_COMMA = YES;
				CLANG_WARN_CONSTANT_CONVERSION = YES;
				CLANG_WARN_DEPRECATED_OBJC_IMPLEMENTATIONS = YES;
				CLANG_WARN_DIRECT_OBJC_ISA_USAGE = YES_ERROR;
				CLANG_WARN_DOCUMENTATION_COMMENTS = YES;
				CLANG_WARN_EMPTY_BODY = YES;
				CLANG_WARN_ENUM_CONVERSION = YES;
				CLANG_WARN_INFINITE_RECURSION = YES;
				CLANG_WARN_INT_CONVERSION = YES;
				CLANG_WARN_NON_LITERAL_NULL_CONVERSION = YES;
				CLANG_WARN_OBJC_IMPLICIT_RETAIN_SELF = YES;
				CLANG_WARN_OBJC_LITERAL_CONVERSION = YES;
				CLANG_WARN_OBJC_ROOT_CLASS = YES_ERROR;
				CLANG_WARN_RANGE_LOOP_ANALYSIS = YES;
				CLANG_WARN_STRICT_PROTOTYPES = YES;
				CLANG_WARN_SUSPICIOUS_MOVE = YES;
				CLANG_WARN_UNGUARDED_AVAILABILITY = YES_AGGRESSIVE;
				CLANG_WARN_UNREACHABLE_CODE = YES;
				CLANG_WARN__DUPLICATE_METHOD_MATCH = YES;
				CODE_SIGN_IDENTITY = "iPhone Developer";
				COPY_PHASE_STRIP = NO;
				DEBUG_INFORMATION_FORMAT = "dwarf-with-dsym";
				ENABLE_NS_ASSERTIONS = NO;
				ENABLE_STRICT_OBJC_MSGSEND = YES;
				GCC_C_LANGUAGE_STANDARD = gnu11;
				GCC_NO_COMMON_BLOCKS = YES;
				GCC_WARN_64_TO_32_BIT_CONVERSION = YES;
				GCC_WARN_ABOUT_RETURN_TYPE = YES_ERROR;
				GCC_WARN_UNDECLARED_SELECTOR = YES;
				GCC_WARN_UNINITIALIZED_AUTOS = YES_AGGRESSIVE;
				GCC_WARN_UNUSED_FUNCTION = YES;
				GCC_WARN_UNUSED_VARIABLE = YES;
				IPHONEOS_DEPLOYMENT_TARGET = 12.1;
				MTL_ENABLE_DEBUG_INFO = NO;
				MTL_FAST_MATH = YES;
				SDKROOT = iphoneos;
				SWIFT_COMPILATION_MODE = wholemodule;
				SWIFT_OPTIMIZATION_LEVEL = "-O";
				VALIDATE_PRODUCT = YES;
			};
			name = Release;
		};
		F93EFE3921AEB24E00FBC875 /* Debug */ = {
			isa = XCBuildConfiguration;
			baseConfigurationReference = B695B4D1BD9EBC21E7D243C0 /* Pods-FotoApp.debug.xcconfig */;
			buildSettings = {
				ASSETCATALOG_COMPILER_APPICON_NAME = AppIcon;
				CODE_SIGN_STYLE = Automatic;
				INFOPLIST_FILE = FotoApp/Info.plist;
				LD_RUNPATH_SEARCH_PATHS = (
					"$(inherited)",
					"@executable_path/Frameworks",
				);
				PRODUCT_BUNDLE_IDENTIFIER = com.example.FotoApp;
				PRODUCT_NAME = "$(TARGET_NAME)";
				SWIFT_VERSION = 4.2;
				TARGETED_DEVICE_FAMILY = "1,2";
			};
			name = Debug;
		};
		F93EFE3A21AEB24E00FBC875 /* Release */ = {
			isa = XCBuildConfiguration;
			baseConfigurationReference = 922402085D1303BC36DAD3BD /* Pods-FotoApp.release.xcconfig */;
			buildSettings = {
				ASSETCATALOG_COMPILER_APPICON_NAME = AppIcon;
				CODE_SIGN_STYLE = Automatic;
				INFOPLIST_FILE = FotoApp/Info.plist;
				LD_RUNPATH_SEARCH_PATHS = (
					"$(inherited)",
					"@executable_path/Frameworks",
				);
				PRODUCT_BUNDLE_IDENTIFIER = com.example.FotoApp;
				PRODUCT_NAME = "$(TARGET_NAME)";
				SWIFT_VERSION = 4.2;
				TARGETED_DEVICE_FAMILY = "1,2";
			};
			name = Release;
		};
		F93EFE3C21AEB24E00FBC875 /* Debug */ = {
			isa = XCBuildConfiguration;
			buildSettings = {
				ALWAYS_EMBED_SWIFT_STANDARD_LIBRARIES = YES;
				BUNDLE_LOADER = "$(TEST_HOST)";
				CODE_SIGN_STYLE = Automatic;
				INFOPLIST_FILE = FotoAppTests/Info.plist;
				LD_RUNPATH_SEARCH_PATHS = (
					"$(inherited)",
					"@executable_path/Frameworks",
					"@loader_path/Frameworks",
				);
				PRODUCT_BUNDLE_IDENTIFIER = com.example.FotoAppTests;
				PRODUCT_NAME = "$(TARGET_NAME)";
				SWIFT_VERSION = 4.2;
				TARGETED_DEVICE_FAMILY = "1,2";
				TEST_HOST = "$(BUILT_PRODUCTS_DIR)/FotoApp.app/FotoApp";
			};
			name = Debug;
		};
		F93EFE3D21AEB24E00FBC875 /* Release */ = {
			isa = XCBuildConfiguration;
			buildSettings = {
				ALWAYS_EMBED_SWIFT_STANDARD_LIBRARIES = YES;
				BUNDLE_LOADER = "$(TEST_HOST)";
				CODE_SIGN_STYLE = Automatic;
				INFOPLIST_FILE = FotoAppTests/Info.plist;
				LD_RUNPATH_SEARCH_PATHS = (
					"$(inherited)",
					"@executable_path/Frameworks",
					"@loader_path/Frameworks",
				);
				PRODUCT_BUNDLE_IDENTIFIER = com.example.FotoAppTests;
				PRODUCT_NAME = "$(TARGET_NAME)";
				SWIFT_VERSION = 4.2;
				TARGETED_DEVICE_FAMILY = "1,2";
				TEST_HOST = "$(BUILT_PRODUCTS_DIR)/FotoApp.app/FotoApp";
			};
			name = Release;
		};
		F93EFE3F21AEB24E00FBC875 /* Debug */ = {
			isa = XCBuildConfiguration;
			buildSettings = {
				ALWAYS_EMBED_SWIFT_STANDARD_LIBRARIES = YES;
				CODE_SIGN_STYLE = Automatic;
				INFOPLIST_FILE = FotoAppUITests/Info.plist;
				LD_RUNPATH_SEARCH_PATHS = (
					"$(inherited)",
					"@executable_path/Frameworks",
					"@loader_path/Frameworks",
				);
				PRODUCT_BUNDLE_IDENTIFIER = com.example.FotoAppUITests;
				PRODUCT_NAME = "$(TARGET_NAME)";
				SWIFT_VERSION = 4.2;
				TARGETED_DEVICE_FAMILY = "1,2";
				TEST_TARGET_NAME = FotoApp;
			};
			name = Debug;
		};
		F93EFE4021AEB24E00FBC875 /* Release */ = {
			isa = XCBuildConfiguration;
			buildSettings = {
				ALWAYS_EMBED_SWIFT_STANDARD_LIBRARIES = YES;
				CODE_SIGN_STYLE = Automatic;
				INFOPLIST_FILE = FotoAppUITests/Info.plist;
				LD_RUNPATH_SEARCH_PATHS = (
					"$(inherited)",
					"@executable_path/Frameworks",
					"@loader_path/Frameworks",
				);
				PRODUCT_BUNDLE_IDENTIFIER = com.example.FotoAppUITests;
				PRODUCT_NAME = "$(TARGET_NAME)";
				SWIFT_VERSION = 4.2;
				TARGETED_DEVICE_FAMILY = "1,2";
				TEST_TARGET_NAME = FotoApp;
			};
			name = Release;
		};
/* End XCBuildConfiguration section */

/* Begin XCConfigurationList section */
		F93EFE0B21AEB24C00FBC875 /* Build configuration list for PBXProject "FotoApp" */ = {
			isa = XCConfigurationList;
			buildConfigurations = (
				F93EFE3621AEB24E00FBC875 /* Debug */,
				F93EFE3721AEB24E00FBC875 /* Release */,
			);
			defaultConfigurationIsVisible = 0;
			defaultConfigurationName = Release;
		};
		F93EFE3821AEB24E00FBC875 /* Build configuration list for PBXNativeTarget "FotoApp" */ = {
			isa = XCConfigurationList;
			buildConfigurations = (
				F93EFE3921AEB24E00FBC875 /* Debug */,
				F93EFE3A21AEB24E00FBC875 /* Release */,
			);
			defaultConfigurationIsVisible = 0;
			defaultConfigurationName = Release;
		};
		F93EFE3B21AEB24E00FBC875 /* Build configuration list for PBXNativeTarget "FotoAppTests" */ = {
			isa = XCConfigurationList;
			buildConfigurations = (
				F93EFE3C21AEB24E00FBC875 /* Debug */,
				F93EFE3D21AEB24E00FBC875 /* Release */,
			);
			defaultConfigurationIsVisible = 0;
			defaultConfigurationName = Release;
		};
		F93EFE3E21AEB24E00FBC875 /* Build configuration list for PBXNativeTarget "FotoAppUITests" */ = {
			isa = XCConfigurationList;
			buildConfigurations = (
				F93EFE3F21AEB24E00FBC875 /* Debug */,
				F93EFE4021AEB24E00FBC875 /* Release */,
			);
			defaultConfigurationIsVisible = 0;
			defaultConfigurationName = Release;
		};
/* End XCConfigurationList section */
	};
	rootObject = F93EFE0821AEB24C00FBC875 /* Project object */;
}
